
Microsoft Visual Studio Solution File, Format Version 12.00
# Visual Studio Version 16
VisualStudioVersion = 16.0.32630.194
MinimumVisualStudioVersion = 10.0.40219.1
Project("{9A19103F-16F7-4668-BE54-9A1E7A4F7556}") = "CoreServices", "CoreProject\CoreServices.csproj", "{B591420C-DAAD-48E2-ADE8-D4CDE5A0D0F9}"
EndProject
Project("{2150E333-8FDC-42A3-9474-1A3956D46DE8}") = "POC_Tests", "POC_Tests", "{31290D00-C319-439F-A292-A3961BD21034}"
EndProject
Project("{FAE04EC0-301F-11D3-BF4B-00C04F79EFBC}") = "Tests", "Tests\Tests\Tests.csproj", "{DA9CBFC5-E3A3-4097-81F9-49C4B958CBAE}"
EndProject
Project("{FAE04EC0-301F-11D3-BF4B-00C04F79EFBC}") = "PagesAndElements", "Pages\PagesAndElements\PagesAndElements.csproj", "{F3419AEA-F483-47DF-93C0-482143CCAB98}"
EndProject
Project("{2150E333-8FDC-42A3-9474-1A3956D46DE8}") = "AutomationCore", "AutomationCore", "{DBF88820-B648-49B7-BDEA-D7648392B41B}"
EndProject
Project("{00D1A9C2-B5F0-4AF3-8072-F6C62B433612}") = "PerformanceData", "PerformanceData\PerformanceData.sqlproj", "{C4735CD6-506B-438F-AA9B-7137D0AFBE26}"
EndProject
Global
	GlobalSection(SolutionConfigurationPlatforms) = preSolution
		Debug|Any CPU = Debug|Any CPU
		Release|Any CPU = Release|Any CPU
	EndGlobalSection
	GlobalSection(ProjectConfigurationPlatforms) = postSolution
		{B591420C-DAAD-48E2-ADE8-D4CDE5A0D0F9}.Debug|Any CPU.ActiveCfg = Debug|Any CPU
		{B591420C-DAAD-48E2-ADE8-D4CDE5A0D0F9}.Debug|Any CPU.Build.0 = Debug|Any CPU
		{B591420C-DAAD-48E2-ADE8-D4CDE5A0D0F9}.Release|Any CPU.ActiveCfg = Release|Any CPU
		{B591420C-DAAD-48E2-ADE8-D4CDE5A0D0F9}.Release|Any CPU.Build.0 = Release|Any CPU
		{DA9CBFC5-E3A3-4097-81F9-49C4B958CBAE}.Debug|Any CPU.ActiveCfg = Debug|Any CPU
		{DA9CBFC5-E3A3-4097-81F9-49C4B958CBAE}.Debug|Any CPU.Build.0 = Debug|Any CPU
		{DA9CBFC5-E3A3-4097-81F9-49C4B958CBAE}.Release|Any CPU.ActiveCfg = Release|Any CPU
		{DA9CBFC5-E3A3-4097-81F9-49C4B958CBAE}.Release|Any CPU.Build.0 = Release|Any CPU
		{F3419AEA-F483-47DF-93C0-482143CCAB98}.Debug|Any CPU.ActiveCfg = Debug|Any CPU
		{F3419AEA-F483-47DF-93C0-482143CCAB98}.Debug|Any CPU.Build.0 = Debug|Any CPU
		{F3419AEA-F483-47DF-93C0-482143CCAB98}.Release|Any CPU.ActiveCfg = Release|Any CPU
		{F3419AEA-F483-47DF-93C0-482143CCAB98}.Release|Any CPU.Build.0 = Release|Any CPU
		{C4735CD6-506B-438F-AA9B-7137D0AFBE26}.Debug|Any CPU.ActiveCfg = Debug|Any CPU
		{C4735CD6-506B-438F-AA9B-7137D0AFBE26}.Debug|Any CPU.Build.0 = Debug|Any CPU
		{C4735CD6-506B-438F-AA9B-7137D0AFBE26}.Debug|Any CPU.Deploy.0 = Debug|Any CPU
		{C4735CD6-506B-438F-AA9B-7137D0AFBE26}.Release|Any CPU.ActiveCfg = Release|Any CPU
		{C4735CD6-506B-438F-AA9B-7137D0AFBE26}.Release|Any CPU.Build.0 = Release|Any CPU
		{C4735CD6-506B-438F-AA9B-7137D0AFBE26}.Release|Any CPU.Deploy.0 = Release|Any CPU
	EndGlobalSection
	GlobalSection(SolutionProperties) = preSolution
		HideSolutionNode = FALSE
	EndGlobalSection
	GlobalSection(NestedProjects) = preSolution
		{B591420C-DAAD-48E2-ADE8-D4CDE5A0D0F9} = {DBF88820-B648-49B7-BDEA-D7648392B41B}
		{DA9CBFC5-E3A3-4097-81F9-49C4B958CBAE} = {31290D00-C319-439F-A292-A3961BD21034}
		{F3419AEA-F483-47DF-93C0-482143CCAB98} = {31290D00-C319-439F-A292-A3961BD21034}
	EndGlobalSection
	GlobalSection(ExtensibilityGlobals) = postSolution
		SolutionGuid = {D062137A-A629-41EC-8C9A-A9C685E4F5B1}
	EndGlobalSection
EndGlobal
